{
  "name": "discord-radio-extension",
  "version": "0.9.7",
  "lockfileVersion": 2,
  "requires": true,
  "packages": {
    "": {
      "name": "discord-radio-extension",
      "version": "0.9.7",
      "devDependencies": {
        "pure-uuid": "^1.6.2",
        "webextension-polyfill": "^0.8.0"
      }
    },
    "node_modules/pure-uuid": {
      "version": "1.6.2",
      "resolved": "https://registry.npmjs.org/pure-uuid/-/pure-uuid-1.6.2.tgz",
      "integrity": "sha512-WQ4xz74ApW6s0BToRuuyuMo9g0VHx1HljY0H2gPng+mqqz/K1yLj7sHZonZZQ2++WfHl/ZzruilWvuz+WtmxjQ==",
      "dev": true,
      "engines": {
        "node": ">=8.0.0"
      }
    },
    "node_modules/webextension-polyfill": {
      "version": "0.8.0",
      "resolved": "https://registry.npmjs.org/webextension-polyfill/-/webextension-polyfill-0.8.0.tgz",
      "integrity": "sha512-a19+DzlT6Kp9/UI+mF9XQopeZ+n2ussjhxHJ4/pmIGge9ijCDz7Gn93mNnjpZAk95T4Tae8iHZ6sSf869txqiQ==",
      "dev": true
    }
  },
  "dependencies": {
    "pure-uuid": {
      "version": "1.6.2",
      "resolved": "https://registry.npmjs.org/pure-uuid/-/pure-uuid-1.6.2.tgz",
      "integrity": "sha512-WQ4xz74ApW6s0BToRuuyuMo9g0VHx1HljY0H2gPng+mqqz/K1yLj7sHZonZZQ2++WfHl/ZzruilWvuz+WtmxjQ==",
      "dev": true
    },
    "webextension-polyfill": {
      "version": "0.8.0",
      "resolved": "https://registry.npmjs.org/webextension-polyfill/-/webextension-polyfill-0.8.0.tgz",
      "integrity": "sha512-a19+DzlT6Kp9/UI+mF9XQopeZ+n2ussjhxHJ4/pmIGge9ijCDz7Gn93mNnjpZAk95T4Tae8iHZ6sSf869txqiQ==",
      "dev": true
    }
  }
}
